
Microsoft Visual Studio Solution File, Format Version 12.00
# Visual Studio 15
VisualStudioVersion = 15.0.26730.15
MinimumVisualStudioVersion = 10.0.40219.1
Project("{FAE04EC0-301F-11D3-BF4B-00C04F79EFBC}") = "SoapService", "SoapService\SoapService.csproj", "{E79D1B91-2AA5-4B84-BC73-AFB58769A460}"
EndProject
Project("{FAE04EC0-301F-11D3-BF4B-00C04F79EFBC}") = "ClassLib", "ClassLib\ClassLib.csproj", "{C2783D04-AA78-4A73-87D4-66B6C88FCB58}"
EndProject
Project("{FAE04EC0-301F-11D3-BF4B-00C04F79EFBC}") = "ConsoleApp", "ConsoleApp\ConsoleApp.csproj", "{FE1D08B6-3488-4782-A518-2EB24960D7BD}"
EndProject
Global
	GlobalSection(SolutionConfigurationPlatforms) = preSolution
		Debug|Any CPU = Debug|Any CPU
		Release|Any CPU = Release|Any CPU
	EndGlobalSection
	GlobalSection(ProjectConfigurationPlatforms) = postSolution
		{E79D1B91-2AA5-4B84-BC73-AFB58769A460}.Debug|Any CPU.ActiveCfg = Debug|Any CPU
		{E79D1B91-2AA5-4B84-BC73-AFB58769A460}.Debug|Any CPU.Build.0 = Debug|Any CPU
		{E79D1B91-2AA5-4B84-BC73-AFB58769A460}.Release|Any CPU.ActiveCfg = Release|Any CPU
		{E79D1B91-2AA5-4B84-BC73-AFB58769A460}.Release|Any CPU.Build.0 = Release|Any CPU
		{C2783D04-AA78-4A73-87D4-66B6C88FCB58}.Debug|Any CPU.ActiveCfg = Debug|Any CPU
		{C2783D04-AA78-4A73-87D4-66B6C88FCB58}.Debug|Any CPU.Build.0 = Debug|Any CPU
		{C2783D04-AA78-4A73-87D4-66B6C88FCB58}.Release|Any CPU.ActiveCfg = Release|Any CPU
		{C2783D04-AA78-4A73-87D4-66B6C88FCB58}.Release|Any CPU.Build.0 = Release|Any CPU
		{FE1D08B6-3488-4782-A518-2EB24960D7BD}.Debug|Any CPU.ActiveCfg = Debug|Any CPU
		{FE1D08B6-3488-4782-A518-2EB24960D7BD}.Debug|Any CPU.Build.0 = Debug|Any CPU
		{FE1D08B6-3488-4782-A518-2EB24960D7BD}.Release|Any CPU.ActiveCfg = Release|Any CPU
		{FE1D08B6-3488-4782-A518-2EB24960D7BD}.Release|Any CPU.Build.0 = Release|Any CPU
	EndGlobalSection
	GlobalSection(SolutionProperties) = preSolution
		HideSolutionNode = FALSE
	EndGlobalSection
	GlobalSection(ExtensibilityGlobals) = postSolution
		SolutionGuid = {146081A2-6E71-443D-AB6D-0E2011A584BC}
	EndGlobalSection
EndGlobal
