
Microsoft Visual Studio Solution File, Format Version 12.00
# Visual Studio 15
VisualStudioVersion = 15.0.26730.15
MinimumVisualStudioVersion = 10.0.40219.1
Project("{FAE04EC0-301F-11D3-BF4B-00C04F79EFBC}") = "WebAuth", "WebAuth\WebAuth.csproj", "{59753864-D41A-4BD3-89EA-A37EFC5CC1A1}"
EndProject
Project("{FAE04EC0-301F-11D3-BF4B-00C04F79EFBC}") = "AuthCore", "AuthCore\AuthCore.csproj", "{8ABFB881-841B-41D4-8CB2-91DF67120806}"
EndProject
Global
	GlobalSection(SolutionConfigurationPlatforms) = preSolution
		Debug|Any CPU = Debug|Any CPU
		Release|Any CPU = Release|Any CPU
	EndGlobalSection
	GlobalSection(ProjectConfigurationPlatforms) = postSolution
		{59753864-D41A-4BD3-89EA-A37EFC5CC1A1}.Debug|Any CPU.ActiveCfg = Debug|Any CPU
		{59753864-D41A-4BD3-89EA-A37EFC5CC1A1}.Debug|Any CPU.Build.0 = Debug|Any CPU
		{59753864-D41A-4BD3-89EA-A37EFC5CC1A1}.Release|Any CPU.ActiveCfg = Release|Any CPU
		{59753864-D41A-4BD3-89EA-A37EFC5CC1A1}.Release|Any CPU.Build.0 = Release|Any CPU
		{8ABFB881-841B-41D4-8CB2-91DF67120806}.Debug|Any CPU.ActiveCfg = Debug|Any CPU
		{8ABFB881-841B-41D4-8CB2-91DF67120806}.Debug|Any CPU.Build.0 = Debug|Any CPU
		{8ABFB881-841B-41D4-8CB2-91DF67120806}.Release|Any CPU.ActiveCfg = Release|Any CPU
		{8ABFB881-841B-41D4-8CB2-91DF67120806}.Release|Any CPU.Build.0 = Release|Any CPU
	EndGlobalSection
	GlobalSection(SolutionProperties) = preSolution
		HideSolutionNode = FALSE
	EndGlobalSection
	GlobalSection(ExtensibilityGlobals) = postSolution
		SolutionGuid = {50448CB5-6727-4773-A0F7-7596E557D9D0}
	EndGlobalSection
EndGlobal
